
Microsoft Visual Studio Solution File, Format Version 12.00
# Visual Studio Version 17
VisualStudioVersion = 17.13.35931.197 d17.13
MinimumVisualStudioVersion = 10.0.40219.1
Project("{2150E333-8FDC-42A3-9474-1A3956D46DE8}") = "Core", "Core", "{02EA681E-C7D8-13C7-8484-4AC65E1B71E8}"
EndProject
Project("{2150E333-8FDC-42A3-9474-1A3956D46DE8}") = "Infrastructure", "Infrastructure", "{87A83BC4-B440-4184-B0CD-478FCC525C81}"
EndProject
Project("{2150E333-8FDC-42A3-9474-1A3956D46DE8}") = "Presentation", "Presentation", "{8C1227C1-3EC2-44C1-9EE1-9FB9BD6B038A}"
EndProject
Project("{FAE04EC0-301F-11D3-BF4B-00C04F79EFBC}") = "CafeAPI.Domain", "Core\CafeAPI.Domain\CafeAPI.Domain.csproj", "{9B9C2D94-390E-4B69-BA00-1AC4DF994AD7}"
EndProject
Project("{FAE04EC0-301F-11D3-BF4B-00C04F79EFBC}") = "CafeAPI.Application", "Core\CafeAPI.Application\CafeAPI.Application.csproj", "{729386CD-E8A2-4EB5-A73F-FD4CD7858B80}"
EndProject
Project("{FAE04EC0-301F-11D3-BF4B-00C04F79EFBC}") = "CafeAPI.Persistence", "Infrastructure\CafeAPI.Persistence\CafeAPI.Persistence.csproj", "{251341C7-C451-45B0-AD43-B0508254B21F}"
EndProject
Project("{FAE04EC0-301F-11D3-BF4B-00C04F79EFBC}") = "CafeAPI.WebApi", "Presentation\CafeAPI.WebApi\CafeAPI.WebApi.csproj", "{4EBA1D87-EDBC-4C24-B827-35AA0E3E61A4}"
EndProject
Global
	GlobalSection(SolutionConfigurationPlatforms) = preSolution
		Debug|Any CPU = Debug|Any CPU
		Release|Any CPU = Release|Any CPU
	EndGlobalSection
	GlobalSection(ProjectConfigurationPlatforms) = postSolution
		{9B9C2D94-390E-4B69-BA00-1AC4DF994AD7}.Debug|Any CPU.ActiveCfg = Debug|Any CPU
		{9B9C2D94-390E-4B69-BA00-1AC4DF994AD7}.Debug|Any CPU.Build.0 = Debug|Any CPU
		{9B9C2D94-390E-4B69-BA00-1AC4DF994AD7}.Release|Any CPU.ActiveCfg = Release|Any CPU
		{9B9C2D94-390E-4B69-BA00-1AC4DF994AD7}.Release|Any CPU.Build.0 = Release|Any CPU
		{729386CD-E8A2-4EB5-A73F-FD4CD7858B80}.Debug|Any CPU.ActiveCfg = Debug|Any CPU
		{729386CD-E8A2-4EB5-A73F-FD4CD7858B80}.Debug|Any CPU.Build.0 = Debug|Any CPU
		{729386CD-E8A2-4EB5-A73F-FD4CD7858B80}.Release|Any CPU.ActiveCfg = Release|Any CPU
		{729386CD-E8A2-4EB5-A73F-FD4CD7858B80}.Release|Any CPU.Build.0 = Release|Any CPU
		{251341C7-C451-45B0-AD43-B0508254B21F}.Debug|Any CPU.ActiveCfg = Debug|Any CPU
		{251341C7-C451-45B0-AD43-B0508254B21F}.Debug|Any CPU.Build.0 = Debug|Any CPU
		{251341C7-C451-45B0-AD43-B0508254B21F}.Release|Any CPU.ActiveCfg = Release|Any CPU
		{251341C7-C451-45B0-AD43-B0508254B21F}.Release|Any CPU.Build.0 = Release|Any CPU
		{4EBA1D87-EDBC-4C24-B827-35AA0E3E61A4}.Debug|Any CPU.ActiveCfg = Debug|Any CPU
		{4EBA1D87-EDBC-4C24-B827-35AA0E3E61A4}.Debug|Any CPU.Build.0 = Debug|Any CPU
		{4EBA1D87-EDBC-4C24-B827-35AA0E3E61A4}.Release|Any CPU.ActiveCfg = Release|Any CPU
		{4EBA1D87-EDBC-4C24-B827-35AA0E3E61A4}.Release|Any CPU.Build.0 = Release|Any CPU
	EndGlobalSection
	GlobalSection(SolutionProperties) = preSolution
		HideSolutionNode = FALSE
	EndGlobalSection
	GlobalSection(NestedProjects) = preSolution
		{9B9C2D94-390E-4B69-BA00-1AC4DF994AD7} = {02EA681E-C7D8-13C7-8484-4AC65E1B71E8}
		{729386CD-E8A2-4EB5-A73F-FD4CD7858B80} = {02EA681E-C7D8-13C7-8484-4AC65E1B71E8}
		{251341C7-C451-45B0-AD43-B0508254B21F} = {87A83BC4-B440-4184-B0CD-478FCC525C81}
		{4EBA1D87-EDBC-4C24-B827-35AA0E3E61A4} = {8C1227C1-3EC2-44C1-9EE1-9FB9BD6B038A}
	EndGlobalSection
	GlobalSection(ExtensibilityGlobals) = postSolution
		SolutionGuid = {24C7E1B5-A0F0-4BD0-BCF0-DA866150E811}
	EndGlobalSection
EndGlobal
